Microsoft Visual Studio Solution File, Format Version 11.00
# Visual Studio 2008

Project("{3CD3EB42-3DFD-2656-3AA6-96DB3913A4A6}") = "Get This... Prop Hunt But Flipped On Its Head", "Assembly-CSharp-firstpass.csproj", "{DA772953-6D1E-1DC6-508C-4BEBC5E1EB46}"
EndProject
Project("{3CD3EB42-3DFD-2656-3AA6-96DB3913A4A6}") = "Get This... Prop Hunt But Flipped On Its Head", "Assembly-CSharp-Editor.csproj", "{2DD4ED81-01D5-3DBE-D858-CDCFC6FD5434}"
EndProject
Global
	GlobalSection(SolutionConfigurationPlatforms) = preSolution
		Debug|Any CPU = Debug|Any CPU
		Release|Any CPU = Release|Any CPU
	EndGlobalSection
	GlobalSection(ProjectConfigurationPlatforms) = postSolution
		{DA772953-6D1E-1DC6-508C-4BEBC5E1EB46}.Debug|Any CPU.ActiveCfg = Debug|Any CPU
		{DA772953-6D1E-1DC6-508C-4BEBC5E1EB46}.Debug|Any CPU.Build.0 = Debug|Any CPU
		{DA772953-6D1E-1DC6-508C-4BEBC5E1EB46}.Release|Any CPU.ActiveCfg = Release|Any CPU
		{DA772953-6D1E-1DC6-508C-4BEBC5E1EB46}.Release|Any CPU.Build.0 = Release|Any CPU
		{2DD4ED81-01D5-3DBE-D858-CDCFC6FD5434}.Debug|Any CPU.ActiveCfg = Debug|Any CPU
		{2DD4ED81-01D5-3DBE-D858-CDCFC6FD5434}.Debug|Any CPU.Build.0 = Debug|Any CPU
		{2DD4ED81-01D5-3DBE-D858-CDCFC6FD5434}.Release|Any CPU.ActiveCfg = Release|Any CPU
		{2DD4ED81-01D5-3DBE-D858-CDCFC6FD5434}.Release|Any CPU.Build.0 = Release|Any CPU
	EndGlobalSection
	GlobalSection(SolutionProperties) = preSolution
		HideSolutionNode = FALSE
	EndGlobalSection
	GlobalSection(MonoDevelopProperties) = preSolution
		StartupItem = Assembly-CSharp.csproj
	EndGlobalSection
EndGlobal
